
Microsoft Visual Studio Solution File, Format Version 12.00
# Visual Studio Version 17
VisualStudioVersion = 17.9.34622.214
MinimumVisualStudioVersion = 10.0.40219.1
Project("{9A19103F-16F7-4668-BE54-9A1E7A4F7556}") = "LibraryBookLoaningSystem", "LibraryBookLoaningSystem\LibraryBookLoaningSystem.csproj", "{AA545DCD-FC3D-4A5F-86AE-1C9E8FAC7786}"
EndProject
Global
	GlobalSection(SolutionConfigurationPlatforms) = preSolution
		Debug|Any CPU = Debug|Any CPU
		Release|Any CPU = Release|Any CPU
	EndGlobalSection
	GlobalSection(ProjectConfigurationPlatforms) = postSolution
		{AA545DCD-FC3D-4A5F-86AE-1C9E8FAC7786}.Debug|Any CPU.ActiveCfg = Debug|Any CPU
		{AA545DCD-FC3D-4A5F-86AE-1C9E8FAC7786}.Debug|Any CPU.Build.0 = Debug|Any CPU
		{AA545DCD-FC3D-4A5F-86AE-1C9E8FAC7786}.Release|Any CPU.ActiveCfg = Release|Any CPU
		{AA545DCD-FC3D-4A5F-86AE-1C9E8FAC7786}.Release|Any CPU.Build.0 = Release|Any CPU
	EndGlobalSection
	GlobalSection(SolutionProperties) = preSolution
		HideSolutionNode = FALSE
	EndGlobalSection
	GlobalSection(ExtensibilityGlobals) = postSolution
		SolutionGuid = {599A5C60-A63F-445E-A840-C15AAF2E2F8A}
	EndGlobalSection
EndGlobal
